// !$*UTF8*$!
{
	archiveVersion = 1;
	classes = {
	};
	objectVersion = 46;
	objects = {

/* Begin PBXBuildFile section */
		412E0BA427CAB7BBBDF268D8 /* Pods_Gomoku.framework in Frameworks */ = {isa = PBXBuildFile; fileRef = 09BA62F3E7B9C849E6E17F60 /* Pods_Gomoku.framework */; };
		A41E4AAA1E14115800B662A5 /* JFChessLayer.swift in Sources */ = {isa = PBXBuildFile; fileRef = A41E4AA91E14115800B662A5 /* JFChessLayer.swift */; };
		A41E4AAC1E14129200B662A5 /* JFChessModel.swift in Sources */ = {isa = PBXBuildFile; fileRef = A41E4AAB1E14129200B662A5 /* JFChessModel.swift */; };
		A41E4AAE1E1414F700B662A5 /* JFBoardSetting.swift in Sources */ = {isa = PBXBuildFile; fileRef = A41E4AAD1E1414F700B662A5 /* JFBoardSetting.swift */; };
		A41E4AB01E141A2C00B662A5 /* JFHomeViewController.swift in Sources */ = {isa = PBXBuildFile; fileRef = A41E4AAF1E141A2C00B662A5 /* JFHomeViewController.swift */; };
		A41E4AC01E16631E00B662A5 /* JFBoardManager.swift in Sources */ = {isa = PBXBuildFile; fileRef = A41E4ABF1E16631E00B662A5 /* JFBoardManager.swift */; };
		A44CD8E21E0AC7C800C36CD2 /* AppDelegate.swift in Sources */ = {isa = PBXBuildFile; fileRef = A44CD8E11E0AC7C800C36CD2 /* AppDelegate.swift */; };
		A44CD8E41E0AC7C800C36CD2 /* ViewController.swift in Sources */ = {isa = PBXBuildFile; fileRef = A44CD8E31E0AC7C800C36CD2 /* ViewController.swift */; };
		A44CD8E71E0AC7C800C36CD2 /* Main.storyboard in Resources */ = {isa = PBXBuildFile; fileRef = A44CD8E51E0AC7C800C36CD2 /* Main.storyboard */; };
		A44CD8E91E0AC7C800C36CD2 /* Assets.xcassets in Resources */ = {isa = PBXBuildFile; fileRef = A44CD8E81E0AC7C800C36CD2 /* Assets.xcassets */; };
		A44CD8EC1E0AC7C800C36CD2 /* LaunchScreen.storyboard in Resources */ = {isa = PBXBuildFile; fileRef = A44CD8EA1E0AC7C800C36CD2 /* LaunchScreen.storyboard */; };
		A44CD8F81E0CF9FD00C36CD2 /* JFModel.swift in Sources */ = {isa = PBXBuildFile; fileRef = A44CD8F71E0CF9FC00C36CD2 /* JFModel.swift */; };
		A44CD9091E11489300C36CD2 /* JFBoardView.swift in Sources */ = {isa = PBXBuildFile; fileRef = A44CD9081E11489300C36CD2 /* JFBoardView.swift */; };
		A44CD90D1E1148F200C36CD2 /* UIView+Frame.m in Sources */ = {isa = PBXBuildFile; fileRef = A44CD90C1E1148F200C36CD2 /* UIView+Frame.m */; };
		A44CD9131E12B87800C36CD2 /* JFBoardViewController.swift in Sources */ = {isa = PBXBuildFile; fileRef = A44CD9121E12B87800C36CD2 /* JFBoardViewController.swift */; };
		A44CD9151E12B8D300C36CD2 /* JFFavoriteViewController.swift in Sources */ = {isa = PBXBuildFile; fileRef = A44CD9141E12B8D300C36CD2 /* JFFavoriteViewController.swift */; };
		A44CD9171E12B8E600C36CD2 /* JFProfileViewController.swift in Sources */ = {isa = PBXBuildFile; fileRef = A44CD9161E12B8E600C36CD2 /* JFProfileViewController.swift */; };
		A456C7711E1C871F00F8B820 /* JFParseTool.swift in Sources */ = {isa = PBXBuildFile; fileRef = A456C7701E1C871F00F8B820 /* JFParseTool.swift */; };
/* End PBXBuildFile section */

/* Begin PBXFileReference section */
		09BA62F3E7B9C849E6E17F60 /* Pods_Gomoku.framework */ = {isa = PBXFileReference; explicitFileType = wrapper.framework; includeInIndex = 0; path = Pods_Gomoku.framework; sourceTree = BUILT_PRODUCTS_DIR; };
		A41E4AA91E14115800B662A5 /* JFChessLayer.swift */ = {isa = PBXFileReference; fileEncoding = 4; lastKnownFileType = sourcecode.swift; path = JFChessLayer.swift; sourceTree = "<group>"; };
		A41E4AAB1E14129200B662A5 /* JFChessModel.swift */ = {isa = PBXFileReference; fileEncoding = 4; lastKnownFileType = sourcecode.swift; path = JFChessModel.swift; sourceTree = "<group>"; };
		A41E4AAD1E1414F700B662A5 /* JFBoardSetting.swift */ = {isa = PBXFileReference; fileEncoding = 4; lastKnownFileType = sourcecode.swift; path = JFBoardSetting.swift; sourceTree = "<group>"; };
		A41E4AAF1E141A2C00B662A5 /* JFHomeViewController.swift */ = {isa = PBXFileReference; fileEncoding = 4; lastKnownFileType = sourcecode.swift; path = JFHomeViewController.swift; sourceTree = "<group>"; };
		A41E4AB11E14A72900B662A5 /* JF_RX.playground */ = {isa = PBXFileReference; lastKnownFileType = file.playground; name = JF_RX.playground; path = Gomoku/JF_RX.playground; sourceTree = "<group>"; };
		A41E4ABF1E16631E00B662A5 /* JFBoardManager.swift */ = {isa = PBXFileReference; fileEncoding = 4; lastKnownFileType = sourcecode.swift; path = JFBoardManager.swift; sourceTree = "<group>"; };
		A44CD8DE1E0AC7C800C36CD2 /* Gomoku.app */ = {isa = PBXFileReference; explicitFileType = wrapper.application; includeInIndex = 0; path = Gomoku.app; sourceTree = BUILT_PRODUCTS_DIR; };
		A44CD8E11E0AC7C800C36CD2 /* AppDelegate.swift */ = {isa = PBXFileReference; lastKnownFileType = sourcecode.swift; path = AppDelegate.swift; sourceTree = "<group>"; };
		A44CD8E31E0AC7C800C36CD2 /* ViewController.swift */ = {isa = PBXFileReference; lastKnownFileType = sourcecode.swift; path = ViewController.swift; sourceTree = "<group>"; };
		A44CD8E61E0AC7C800C36CD2 /* Base */ = {isa = PBXFileReference; lastKnownFileType = file.storyboard; name = Base; path = Base.lproj/Main.storyboard; sourceTree = "<group>"; };
		A44CD8E81E0AC7C800C36CD2 /* Assets.xcassets */ = {isa = PBXFileReference; lastKnownFileType = folder.assetcatalog; path = Assets.xcassets; sourceTree = "<group>"; };
		A44CD8EB1E0AC7C800C36CD2 /* Base */ = {isa = PBXFileReference; lastKnownFileType = file.storyboard; name = Base; path = Base.lproj/LaunchScreen.storyboard; sourceTree = "<group>"; };
		A44CD8ED1E0AC7C800C36CD2 /* Info.plist */ = {isa = PBXFileReference; lastKnownFileType = text.plist.xml; path = Info.plist; sourceTree = "<group>"; };
		A44CD8F71E0CF9FC00C36CD2 /* JFModel.swift */ = {isa = PBXFileReference; fileEncoding = 4; lastKnownFileType = sourcecode.swift; path = JFModel.swift; sourceTree = "<group>"; };
		A44CD9081E11489300C36CD2 /* JFBoardView.swift */ = {isa = PBXFileReference; fileEncoding = 4; lastKnownFileType = sourcecode.swift; name = JFBoardView.swift; path = ../../JFBoardView.swift; sourceTree = "<group>"; };
		A44CD90A1E1148F100C36CD2 /* Gomoku-Bridging-Header.h */ = {isa = PBXFileReference; lastKnownFileType = sourcecode.c.h; path = "Gomoku-Bridging-Header.h"; sourceTree = "<group>"; };
		A44CD90B1E1148F200C36CD2 /* UIView+Frame.h */ = {isa = PBXFileReference; fileEncoding = 4; lastKnownFileType = sourcecode.c.h; name = "UIView+Frame.h"; path = "../UIView+Frame.h"; sourceTree = "<group>"; };
		A44CD90C1E1148F200C36CD2 /* UIView+Frame.m */ = {isa = PBXFileReference; fileEncoding = 4; lastKnownFileType = sourcecode.c.objc; name = "UIView+Frame.m"; path = "../UIView+Frame.m"; sourceTree = "<group>"; };
		A44CD9121E12B87800C36CD2 /* JFBoardViewController.swift */ = {isa = PBXFileReference; fileEncoding = 4; lastKnownFileType = sourcecode.swift; name = JFBoardViewController.swift; path = ../../JFBoardViewController.swift; sourceTree = "<group>"; };
		A44CD9141E12B8D300C36CD2 /* JFFavoriteViewController.swift */ = {isa = PBXFileReference; fileEncoding = 4; lastKnownFileType = sourcecode.swift; name = JFFavoriteViewController.swift; path = ../../JFFavoriteViewController.swift; sourceTree = "<group>"; };
		A44CD9161E12B8E600C36CD2 /* JFProfileViewController.swift */ = {isa = PBXFileReference; fileEncoding = 4; lastKnownFileType = sourcecode.swift; name = JFProfileViewController.swift; path = ../../JFProfileViewController.swift; sourceTree = "<group>"; };
		A456C7701E1C871F00F8B820 /* JFParseTool.swift */ = {isa = PBXFileReference; fileEncoding = 4; lastKnownFileType = sourcecode.swift; name = JFParseTool.swift; path = ../View/JFParseTool.swift; sourceTree = "<group>"; };
		D66F3DBAC640FAED1C36DE4B /* Pods-Gomoku.release.xcconfig */ = {isa = PBXFileReference; includeInIndex = 1; lastKnownFileType = text.xcconfig; name = "Pods-Gomoku.release.xcconfig"; path = "Pods/Target Support Files/Pods-Gomoku/Pods-Gomoku.release.xcconfig"; sourceTree = "<group>"; };
		DD9B4B87C3C063245DCF0052 /* Pods-Gomoku.debug.xcconfig */ = {isa = PBXFileReference; includeInIndex = 1; lastKnownFileType = text.xcconfig; name = "Pods-Gomoku.debug.xcconfig"; path = "Pods/Target Support Files/Pods-Gomoku/Pods-Gomoku.debug.xcconfig"; sourceTree = "<group>"; };
/* End PBXFileReference section */

/* Begin PBXFrameworksBuildPhase section */
		A44CD8DB1E0AC7C800C36CD2 /* Frameworks */ = {
			isa = PBXFrameworksBuildPhase;
			buildActionMask = 2147483647;
			files = (
				412E0BA427CAB7BBBDF268D8 /* Pods_Gomoku.framework in Frameworks */,
			);
			runOnlyForDeploymentPostprocessing = 0;
		};
/* End PBXFrameworksBuildPhase section */

/* Begin PBXGroup section */
		A41E4ABE1E1662FD00B662A5 /* Service */ = {
			isa = PBXGroup;
			children = (
				A456C7701E1C871F00F8B820 /* JFParseTool.swift */,
				A41E4ABF1E16631E00B662A5 /* JFBoardManager.swift */,
			);
			path = Service;
			sourceTree = "<group>";
		};
		A44CD8D51E0AC7C800C36CD2 = {
			isa = PBXGroup;
			children = (
				A41E4AB11E14A72900B662A5 /* JF_RX.playground */,
				A44CD8E01E0AC7C800C36CD2 /* Gomoku */,
				A44CD8DF1E0AC7C800C36CD2 /* Products */,
				E4DE7604BB774F6BAAC64EBC /* Pods */,
				F4B17DE022A93DDC894D458E /* Frameworks */,
			);
			sourceTree = "<group>";
		};
		A44CD8DF1E0AC7C800C36CD2 /* Products */ = {
			isa = PBXGroup;
			children = (
				A44CD8DE1E0AC7C800C36CD2 /* Gomoku.app */,
			);
			name = Products;
			sourceTree = "<group>";
		};
		A44CD8E01E0AC7C800C36CD2 /* Gomoku */ = {
			isa = PBXGroup;
			children = (
				A41E4ABE1E1662FD00B662A5 /* Service */,
				A44CD91C1E12B95500C36CD2 /* ViewModel */,
				A44CD91B1E12B94300C36CD2 /* View */,
				A44CD91A1E12B93A00C36CD2 /* Model */,
				A44CD8E11E0AC7C800C36CD2 /* AppDelegate.swift */,
				A44CD8E31E0AC7C800C36CD2 /* ViewController.swift */,
				A44CD8E51E0AC7C800C36CD2 /* Main.storyboard */,
				A44CD8E81E0AC7C800C36CD2 /* Assets.xcassets */,
				A44CD8EA1E0AC7C800C36CD2 /* LaunchScreen.storyboard */,
				A44CD8ED1E0AC7C800C36CD2 /* Info.plist */,
				A44CD8F71E0CF9FC00C36CD2 /* JFModel.swift */,
				A44CD90A1E1148F100C36CD2 /* Gomoku-Bridging-Header.h */,
			);
			path = Gomoku;
			sourceTree = "<group>";
		};
		A44CD91A1E12B93A00C36CD2 /* Model */ = {
			isa = PBXGroup;
			children = (
				A44CD9211E12B9D600C36CD2 /* Board */,
				A44CD9221E12B9D600C36CD2 /* Favorite */,
				A44CD9231E12B9D600C36CD2 /* Profile */,
				A41E4AAD1E1414F700B662A5 /* JFBoardSetting.swift */,
			);
			path = Model;
			sourceTree = "<group>";
		};
		A44CD91B1E12B94300C36CD2 /* View */ = {
			isa = PBXGroup;
			children = (
				A44CD91E1E12B9C800C36CD2 /* Board */,
				A44CD91F1E12B9C800C36CD2 /* Favorite */,
				A44CD9201E12B9C800C36CD2 /* Profile */,
				A44CD91D1E12B95E00C36CD2 /* Utility */,
			);
			name = View;
			path = Gomoku/View;
			sourceTree = SOURCE_ROOT;
		};
		A44CD91C1E12B95500C36CD2 /* ViewModel */ = {
			isa = PBXGroup;
			children = (
				A44CD9241E12B9E700C36CD2 /* Board */,
				A44CD9251E12B9E700C36CD2 /* Favorite */,
				A44CD9261E12B9E700C36CD2 /* Profile */,
			);
			path = ViewModel;
			sourceTree = "<group>";
		};
		A44CD91D1E12B95E00C36CD2 /* Utility */ = {
			isa = PBXGroup;
			children = (
				A44CD90B1E1148F200C36CD2 /* UIView+Frame.h */,
				A44CD90C1E1148F200C36CD2 /* UIView+Frame.m */,
			);
			name = Utility;
			sourceTree = "<group>";
		};
		A44CD91E1E12B9C800C36CD2 /* Board */ = {
			isa = PBXGroup;
			children = (
				A44CD9121E12B87800C36CD2 /* JFBoardViewController.swift */,
				A44CD9081E11489300C36CD2 /* JFBoardView.swift */,
				A41E4AA91E14115800B662A5 /* JFChessLayer.swift */,
				A41E4AAF1E141A2C00B662A5 /* JFHomeViewController.swift */,
			);
			path = Board;
			sourceTree = "<group>";
		};
		A44CD91F1E12B9C800C36CD2 /* Favorite */ = {
			isa = PBXGroup;
			children = (
				A44CD9141E12B8D300C36CD2 /* JFFavoriteViewController.swift */,
			);
			path = Favorite;
			sourceTree = "<group>";
		};
		A44CD9201E12B9C800C36CD2 /* Profile */ = {
			isa = PBXGroup;
			children = (
				A44CD9161E12B8E600C36CD2 /* JFProfileViewController.swift */,
			);
			path = Profile;
			sourceTree = "<group>";
		};
		A44CD9211E12B9D600C36CD2 /* Board */ = {
			isa = PBXGroup;
			children = (
				A41E4AAB1E14129200B662A5 /* JFChessModel.swift */,
			);
			path = Board;
			sourceTree = "<group>";
		};
		A44CD9221E12B9D600C36CD2 /* Favorite */ = {
			isa = PBXGroup;
			children = (
			);
			path = Favorite;
			sourceTree = "<group>";
		};
		A44CD9231E12B9D600C36CD2 /* Profile */ = {
			isa = PBXGroup;
			children = (
			);
			path = Profile;
			sourceTree = "<group>";
		};
		A44CD9241E12B9E700C36CD2 /* Board */ = {
			isa = PBXGroup;
			children = (
			);
			path = Board;
			sourceTree = "<group>";
		};
		A44CD9251E12B9E700C36CD2 /* Favorite */ = {
			isa = PBXGroup;
			children = (
			);
			path = Favorite;
			sourceTree = "<group>";
		};
		A44CD9261E12B9E700C36CD2 /* Profile */ = {
			isa = PBXGroup;
			children = (
			);
			path = Profile;
			sourceTree = "<group>";
		};
		E4DE7604BB774F6BAAC64EBC /* Pods */ = {
			isa = PBXGroup;
			children = (
				DD9B4B87C3C063245DCF0052 /* Pods-Gomoku.debug.xcconfig */,
				D66F3DBAC640FAED1C36DE4B /* Pods-Gomoku.release.xcconfig */,
			);
			name = Pods;
			sourceTree = "<group>";
		};
		F4B17DE022A93DDC894D458E /* Frameworks */ = {
			isa = PBXGroup;
			children = (
				09BA62F3E7B9C849E6E17F60 /* Pods_Gomoku.framework */,
			);
			name = Frameworks;
			sourceTree = "<group>";
		};
/* End PBXGroup section */

/* Begin PBXNativeTarget section */
		A44CD8DD1E0AC7C800C36CD2 /* Gomoku */ = {
			isa = PBXNativeTarget;
			buildConfigurationList = A44CD8F01E0AC7C800C36CD2 /* Build configuration list for PBXNativeTarget "Gomoku" */;
			buildPhases = (
				7635F30FF1B25D0E50FA9907 /* [CP] Check Pods Manifest.lock */,
				A44CD8DA1E0AC7C800C36CD2 /* Sources */,
				A44CD8DB1E0AC7C800C36CD2 /* Frameworks */,
				A44CD8DC1E0AC7C800C36CD2 /* Resources */,
				AC21069851AE2A3C75A9C4D4 /* [CP] Embed Pods Frameworks */,
				F92BAD97299461C9774FD2B9 /* [CP] Copy Pods Resources */,
			);
			buildRules = (
			);
			dependencies = (
			);
			name = Gomoku;
			productName = Gomoku;
			productReference = A44CD8DE1E0AC7C800C36CD2 /* Gomoku.app */;
			productType = "com.apple.product-type.application";
		};
/* End PBXNativeTarget section */

/* Begin PBXProject section */
		A44CD8D61E0AC7C800C36CD2 /* Project object */ = {
			isa = PBXProject;
			attributes = {
				LastSwiftUpdateCheck = 0820;
				LastUpgradeCheck = 0820;
				ORGANIZATIONNAME = Sun;
				TargetAttributes = {
					A44CD8DD1E0AC7C800C36CD2 = {
						CreatedOnToolsVersion = 8.2.1;
						LastSwiftMigration = 0820;
						ProvisioningStyle = Automatic;
					};
				};
			};
			buildConfigurationList = A44CD8D91E0AC7C800C36CD2 /* Build configuration list for PBXProject "Gomoku" */;
			compatibilityVersion = "Xcode 3.2";
			developmentRegion = English;
			hasScannedForEncodings = 0;
			knownRegions = (
				en,
				Base,
			);
			mainGroup = A44CD8D51E0AC7C800C36CD2;
			productRefGroup = A44CD8DF1E0AC7C800C36CD2 /* Products */;
			projectDirPath = "";
			projectRoot = "";
			targets = (
				A44CD8DD1E0AC7C800C36CD2 /* Gomoku */,
			);
		};
/* End PBXProject section */

/* Begin PBXResourcesBuildPhase section */
		A44CD8DC1E0AC7C800C36CD2 /* Resources */ = {
			isa = PBXResourcesBuildPhase;
			buildActionMask = 2147483647;
			files = (
				A44CD8EC1E0AC7C800C36CD2 /* LaunchScreen.storyboard in Resources */,
				A44CD8E91E0AC7C800C36CD2 /* Assets.xcassets in Resources */,
				A44CD8E71E0AC7C800C36CD2 /* Main.storyboard in Resources */,
			);
			runOnlyForDeploymentPostprocessing = 0;
		};
/* End PBXResourcesBuildPhase section */

/* Begin PBXShellScriptBuildPhase section */
		7635F30FF1B25D0E50FA9907 /* [CP] Check Pods Manifest.lock */ = {
			isa = PBXShellScriptBuildPhase;
			buildActionMask = 2147483647;
			files = (
			);
			inputPaths = (
			);
			name = "[CP] Check Pods Manifest.lock";
			outputPaths = (
			);
			runOnlyForDeploymentPostprocessing = 0;
			shellPath = /bin/sh;
			shellScript = "diff \"${PODS_ROOT}/../Podfile.lock\" \"${PODS_ROOT}/Manifest.lock\" > /dev/null\nif [ $? != 0 ] ; then\n    # print error to STDERR\n    echo \"error: The sandbox is not in sync with the Podfile.lock. Run 'pod install' or update your CocoaPods installation.\" >&2\n    exit 1\nfi\n";
			showEnvVarsInLog = 0;
		};
		AC21069851AE2A3C75A9C4D4 /* [CP] Embed Pods Frameworks */ = {
			isa = PBXShellScriptBuildPhase;
			buildActionMask = 2147483647;
			files = (
			);
			inputPaths = (
			);
			name = "[CP] Embed Pods Frameworks";
			outputPaths = (
			);
			runOnlyForDeploymentPostprocessing = 0;
			shellPath = /bin/sh;
			shellScript = "\"${SRCROOT}/Pods/Target Support Files/Pods-Gomoku/Pods-Gomoku-frameworks.sh\"\n";
			showEnvVarsInLog = 0;
		};
		F92BAD97299461C9774FD2B9 /* [CP] Copy Pods Resources */ = {
			isa = PBXShellScriptBuildPhase;
			buildActionMask = 2147483647;
			files = (
			);
			inputPaths = (
			);
			name = "[CP] Copy Pods Resources";
			outputPaths = (
			);
			runOnlyForDeploymentPostprocessing = 0;
			shellPath = /bin/sh;
			shellScript = "\"${SRCROOT}/Pods/Target Support Files/Pods-Gomoku/Pods-Gomoku-resources.sh\"\n";
			showEnvVarsInLog = 0;
		};
/* End PBXShellScriptBuildPhase section */

/* Begin PBXSourcesBuildPhase section */
		A44CD8DA1E0AC7C800C36CD2 /* Sources */ = {
			isa = PBXSourcesBuildPhase;
			buildActionMask = 2147483647;
			files = (
				A44CD9151E12B8D300C36CD2 /* JFFavoriteViewController.swift in Sources */,
				A44CD90D1E1148F200C36CD2 /* UIView+Frame.m in Sources */,
				A44CD9171E12B8E600C36CD2 /* JFProfileViewController.swift in Sources */,
				A41E4AAC1E14129200B662A5 /* JFChessModel.swift in Sources */,
				A44CD8E41E0AC7C800C36CD2 /* ViewController.swift in Sources */,
				A41E4AAE1E1414F700B662A5 /* JFBoardSetting.swift in Sources */,
				A44CD9091E11489300C36CD2 /* JFBoardView.swift in Sources */,
				A41E4AC01E16631E00B662A5 /* JFBoardManager.swift in Sources */,
				A44CD8F81E0CF9FD00C36CD2 /* JFModel.swift in Sources */,
				A44CD9131E12B87800C36CD2 /* JFBoardViewController.swift in Sources */,
				A41E4AAA1E14115800B662A5 /* JFChessLayer.swift in Sources */,
				A44CD8E21E0AC7C800C36CD2 /* AppDelegate.swift in Sources */,
				A41E4AB01E141A2C00B662A5 /* JFHomeViewController.swift in Sources */,
				A456C7711E1C871F00F8B820 /* JFParseTool.swift in Sources */,
			);
			runOnlyForDeploymentPostprocessing = 0;
		};
/* End PBXSourcesBuildPhase section */

/* Begin PBXVariantGroup section */
		A44CD8E51E0AC7C800C36CD2 /* Main.storyboard */ = {
			isa = PBXVariantGroup;
			children = (
				A44CD8E61E0AC7C800C36CD2 /* Base */,
			);
			name = Main.storyboard;
			sourceTree = "<group>";
		};
		A44CD8EA1E0AC7C800C36CD2 /* LaunchScreen.storyboard */ = {
			isa = PBXVariantGroup;
			children = (
				A44CD8EB1E0AC7C800C36CD2 /* Base */,
			);
			name = LaunchScreen.storyboard;
			sourceTree = "<group>";
		};
/* End PBXVariantGroup section */

/* Begin XCBuildConfiguration section */
		A44CD8EE1E0AC7C800C36CD2 /* Debug */ = {
			isa = XCBuildConfiguration;
			buildSettings = {
				ALWAYS_SEARCH_USER_PATHS = NO;
				CLANG_ANALYZER_NONNULL = YES;
				CLANG_CXX_LANGUAGE_STANDARD = "gnu++0x";
				CLANG_CXX_LIBRARY = "libc++";
				CLANG_ENABLE_MODULES = YES;
				CLANG_ENABLE_OBJC_ARC = YES;
				CLANG_WARN_BOOL_CONVERSION = YES;
				CLANG_WARN_CONSTANT_CONVERSION = YES;
				CLANG_WARN_DIRECT_OBJC_ISA_USAGE = YES_ERROR;
				CLANG_WARN_DOCUMENTATION_COMMENTS = YES;
				CLANG_WARN_EMPTY_BODY = YES;
				CLANG_WARN_ENUM_CONVERSION = YES;
				CLANG_WARN_INFINITE_RECURSION = YES;
				CLANG_WARN_INT_CONVERSION = YES;
				CLANG_WARN_OBJC_ROOT_CLASS = YES_ERROR;
				CLANG_WARN_SUSPICIOUS_MOVE = YES;
				CLANG_WARN_UNREACHABLE_CODE = YES;
				CLANG_WARN__DUPLICATE_METHOD_MATCH = YES;
				"CODE_SIGN_IDENTITY[sdk=iphoneos*]" = "iPhone Developer";
				COPY_PHASE_STRIP = NO;
				DEBUG_INFORMATION_FORMAT = dwarf;
				ENABLE_STRICT_OBJC_MSGSEND = YES;
				ENABLE_TESTABILITY = YES;
				GCC_C_LANGUAGE_STANDARD = gnu99;
				GCC_DYNAMIC_NO_PIC = NO;
				GCC_NO_COMMON_BLOCKS = YES;
				GCC_OPTIMIZATION_LEVEL = 0;
				GCC_PREPROCESSOR_DEFINITIONS = (
					"DEBUG=1",
					"$(inherited)",
				);
				GCC_WARN_64_TO_32_BIT_CONVERSION = YES;
				GCC_WARN_ABOUT_RETURN_TYPE = YES_ERROR;
				GCC_WARN_UNDECLARED_SELECTOR = YES;
				GCC_WARN_UNINITIALIZED_AUTOS = YES_AGGRESSIVE;
				GCC_WARN_UNUSED_FUNCTION = YES;
				GCC_WARN_UNUSED_VARIABLE = YES;
				IPHONEOS_DEPLOYMENT_TARGET = 10.2;
				MTL_ENABLE_DEBUG_INFO = YES;
				ONLY_ACTIVE_ARCH = YES;
				SDKROOT = iphoneos;
				SWIFT_ACTIVE_COMPILATION_CONDITIONS = DEBUG;
				SWIFT_OPTIMIZATION_LEVEL = "-Onone";
				TARGETED_DEVICE_FAMILY = "1,2";
			};
			name = Debug;
		};
		A44CD8EF1E0AC7C800C36CD2 /* Release */ = {
			isa = XCBuildConfiguration;
			buildSettings = {
				ALWAYS_SEARCH_USER_PATHS = NO;
				CLANG_ANALYZER_NONNULL = YES;
				CLANG_CXX_LANGUAGE_STANDARD = "gnu++0x";
				CLANG_CXX_LIBRARY = "libc++";
				CLANG_ENABLE_MODULES = YES;
				CLANG_ENABLE_OBJC_ARC = YES;
				CLANG_WARN_BOOL_CONVERSION = YES;
				CLANG_WARN_CONSTANT_CONVERSION = YES;
				CLANG_WARN_DIRECT_OBJC_ISA_USAGE = YES_ERROR;
				CLANG_WARN_DOCUMENTATION_COMMENTS = YES;
				CLANG_WARN_EMPTY_BODY = YES;
				CLANG_WARN_ENUM_CONVERSION = YES;
				CLANG_WARN_INFINITE_RECURSION = YES;
				CLANG_WARN_INT_CONVERSION = YES;
				CLANG_WARN_OBJC_ROOT_CLASS = YES_ERROR;
				CLANG_WARN_SUSPICIOUS_MOVE = YES;
				CLANG_WARN_UNREACHABLE_CODE = YES;
				CLANG_WARN__DUPLICATE_METHOD_MATCH = YES;
				"CODE_SIGN_IDENTITY[sdk=iphoneos*]" = "iPhone Developer";
				COPY_PHASE_STRIP = NO;
				DEBUG_INFORMATION_FORMAT = "dwarf-with-dsym";
				ENABLE_NS_ASSERTIONS = NO;
				ENABLE_STRICT_OBJC_MSGSEND = YES;
				GCC_C_LANGUAGE_STANDARD = gnu99;
				GCC_NO_COMMON_BLOCKS = YES;
				GCC_WARN_64_TO_32_BIT_CONVERSION = YES;
				GCC_WARN_ABOUT_RETURN_TYPE = YES_ERROR;
				GCC_WARN_UNDECLARED_SELECTOR = YES;
				GCC_WARN_UNINITIALIZED_AUTOS = YES_AGGRESSIVE;
				GCC_WARN_UNUSED_FUNCTION = YES;
				GCC_WARN_UNUSED_VARIABLE = YES;
				IPHONEOS_DEPLOYMENT_TARGET = 10.2;
				MTL_ENABLE_DEBUG_INFO = NO;
				SDKROOT = iphoneos;
				SWIFT_OPTIMIZATION_LEVEL = "-Owholemodule";
				TARGETED_DEVICE_FAMILY = "1,2";
				VALIDATE_PRODUCT = YES;
			};
			name = Release;
		};
		A44CD8F11E0AC7C800C36CD2 /* Debug */ = {
			isa = XCBuildConfiguration;
			baseConfigurationReference = DD9B4B87C3C063245DCF0052 /* Pods-Gomoku.debug.xcconfig */;
			buildSettings = {
				ASSETCATALOG_COMPILER_APPICON_NAME = AppIcon;
				CLANG_ENABLE_MODULES = YES;
				INFOPLIST_FILE = Gomoku/Info.plist;
				IPHONEOS_DEPLOYMENT_TARGET = 9.0;
				LD_RUNPATH_SEARCH_PATHS = "$(inherited) @executable_path/Frameworks";
				PRODUCT_BUNDLE_IDENTIFIER = CLib.Gomoku;
				PRODUCT_NAME = "$(TARGET_NAME)";
				SWIFT_OBJC_BRIDGING_HEADER = "Gomoku/Gomoku-Bridging-Header.h";
				SWIFT_OPTIMIZATION_LEVEL = "-Onone";
				SWIFT_VERSION = 3.0;
				TARGETED_DEVICE_FAMILY = "1,2";
			};
			name = Debug;
		};
		A44CD8F21E0AC7C800C36CD2 /* Release */ = {
			isa = XCBuildConfiguration;
			baseConfigurationReference = D66F3DBAC640FAED1C36DE4B /* Pods-Gomoku.release.xcconfig */;
			buildSettings = {
				ASSETCATALOG_COMPILER_APPICON_NAME = AppIcon;
				CLANG_ENABLE_MODULES = YES;
				INFOPLIST_FILE = Gomoku/Info.plist;
				IPHONEOS_DEPLOYMENT_TARGET = 9.0;
				LD_RUNPATH_SEARCH_PATHS = "$(inherited) @executable_path/Frameworks";
				PRODUCT_BUNDLE_IDENTIFIER = CLib.Gomoku;
				PRODUCT_NAME = "$(TARGET_NAME)";
				SWIFT_OBJC_BRIDGING_HEADER = "Gomoku/Gomoku-Bridging-Header.h";
				SWIFT_VERSION = 3.0;
				TARGETED_DEVICE_FAMILY = "1,2";
			};
			name = Release;
		};
/* End XCBuildConfiguration section */

/* Begin XCConfigurationList section */
		A44CD8D91E0AC7C800C36CD2 /* Build configuration list for PBXProject "Gomoku" */ = {
			isa = XCConfigurationList;
			buildConfigurations = (
				A44CD8EE1E0AC7C800C36CD2 /* Debug */,
				A44CD8EF1E0AC7C800C36CD2 /* Release */,
			);
			defaultConfigurationIsVisible = 0;
			defaultConfigurationName = Release;
		};
		A44CD8F01E0AC7C800C36CD2 /* Build configuration list for PBXNativeTarget "Gomoku" */ = {
			isa = XCConfigurationList;
			buildConfigurations = (
				A44CD8F11E0AC7C800C36CD2 /* Debug */,
				A44CD8F21E0AC7C800C36CD2 /* Release */,
			);
			defaultConfigurationIsVisible = 0;
			defaultConfigurationName = Release;
		};
/* End XCConfigurationList section */
	};
	rootObject = A44CD8D61E0AC7C800C36CD2 /* Project object */;
}
